{
  "requires": true,
  "lockfileVersion": 1,
  "dependencies": {
    "ogl": {
      "version": "0.0.73",
      "resolved": "https://registry.npmjs.org/ogl/-/ogl-0.0.73.tgz",
      "integrity": "sha512-0J3oycwHplvpBRDELODURGVBzb0SrEK6rpEl3l7EU6XDaeqB0+vUbTrGZ65tdgQYnl5HONKZDYoqKZy2kISprg=="
    }
  }
}
